
Microsoft Visual Studio Solution File, Format Version 12.00
# Visual Studio Version 17
VisualStudioVersion = 17.0.31903.59
MinimumVisualStudioVersion = 10.0.40219.1
Project("{2150E333-8FDC-42A3-9474-1A3956D46DE8}") = "src", "src", "{5EBC354C-5341-478E-98E1-FADA531EF756}"
EndProject
Project("{FAE04EC0-301F-11D3-BF4B-00C04F79EFBC}") = "StereoBridge.Core", "src\StereoBridge.Core\StereoBridge.Core.csproj", "{3E3D9285-B7D5-4149-B548-31659FB27D70}"
EndProject
Project("{FAE04EC0-301F-11D3-BF4B-00C04F79EFBC}") = "StereoBridge.App", "src\StereoBridge.App\StereoBridge.App.csproj", "{0F8A329B-B74A-4932-8D51-A0B150982D8F}"
EndProject
Project("{2150E333-8FDC-42A3-9474-1A3956D46DE8}") = "tests", "tests", "{AE3A588F-2A79-4482-A9A7-D7B4FBD2FC02}"
EndProject
Project("{FAE04EC0-301F-11D3-BF4B-00C04F79EFBC}") = "StereoBridge.Core.Tests", "tests\StereoBridge.Core.Tests\StereoBridge.Core.Tests.csproj", "{B7EE295E-E50B-4FAF-986D-03C705B3EA61}"
EndProject
Global
	GlobalSection(SolutionConfigurationPlatforms) = preSolution
		Debug|Any CPU = Debug|Any CPU
		Release|Any CPU = Release|Any CPU
	EndGlobalSection
	GlobalSection(SolutionProperties) = preSolution
		HideSolutionNode = FALSE
	EndGlobalSection
	GlobalSection(ProjectConfigurationPlatforms) = postSolution
		{3E3D9285-B7D5-4149-B548-31659FB27D70}.Debug|Any CPU.ActiveCfg = Debug|Any CPU
		{3E3D9285-B7D5-4149-B548-31659FB27D70}.Debug|Any CPU.Build.0 = Debug|Any CPU
		{3E3D9285-B7D5-4149-B548-31659FB27D70}.Release|Any CPU.ActiveCfg = Release|Any CPU
		{3E3D9285-B7D5-4149-B548-31659FB27D70}.Release|Any CPU.Build.0 = Release|Any CPU
		{0F8A329B-B74A-4932-8D51-A0B150982D8F}.Debug|Any CPU.ActiveCfg = Debug|Any CPU
		{0F8A329B-B74A-4932-8D51-A0B150982D8F}.Debug|Any CPU.Build.0 = Debug|Any CPU
		{0F8A329B-B74A-4932-8D51-A0B150982D8F}.Release|Any CPU.ActiveCfg = Release|Any CPU
		{0F8A329B-B74A-4932-8D51-A0B150982D8F}.Release|Any CPU.Build.0 = Release|Any CPU
		{B7EE295E-E50B-4FAF-986D-03C705B3EA61}.Debug|Any CPU.ActiveCfg = Debug|Any CPU
		{B7EE295E-E50B-4FAF-986D-03C705B3EA61}.Debug|Any CPU.Build.0 = Debug|Any CPU
		{B7EE295E-E50B-4FAF-986D-03C705B3EA61}.Release|Any CPU.ActiveCfg = Release|Any CPU
		{B7EE295E-E50B-4FAF-986D-03C705B3EA61}.Release|Any CPU.Build.0 = Release|Any CPU
	EndGlobalSection
	GlobalSection(NestedProjects) = preSolution
		{3E3D9285-B7D5-4149-B548-31659FB27D70} = {5EBC354C-5341-478E-98E1-FADA531EF756}
		{0F8A329B-B74A-4932-8D51-A0B150982D8F} = {5EBC354C-5341-478E-98E1-FADA531EF756}
		{B7EE295E-E50B-4FAF-986D-03C705B3EA61} = {AE3A588F-2A79-4482-A9A7-D7B4FBD2FC02}
	EndGlobalSection
EndGlobal
